
Microsoft Visual Studio Solution File, Format Version 12.00
# Visual Studio Version 17
VisualStudioVersion = 17.13.35825.156 d17.13
MinimumVisualStudioVersion = 10.0.40219.1
Project("{FAE04EC0-301F-11D3-BF4B-00C04F79EFBC}") = "CryptoManager", "CryptoManager\CryptoManager.csproj", "{8A21AAE8-EFF7-4BD3-8887-9A066AA1CF77}"
EndProject
Project("{FAE04EC0-301F-11D3-BF4B-00C04F79EFBC}") = "DataContext", "DataContext\DataContext.csproj", "{2F173E8D-0202-4977-ABB1-8A818C4B2A62}"
EndProject
Project("{FAE04EC0-301F-11D3-BF4B-00C04F79EFBC}") = "Services", "Services\Services.csproj", "{5AB13AA7-007A-4C9A-8809-2E97C2D0BD79}"
EndProject
Global
	GlobalSection(SolutionConfigurationPlatforms) = preSolution
		Debug|Any CPU = Debug|Any CPU
		Release|Any CPU = Release|Any CPU
	EndGlobalSection
	GlobalSection(ProjectConfigurationPlatforms) = postSolution
		{8A21AAE8-EFF7-4BD3-8887-9A066AA1CF77}.Debug|Any CPU.ActiveCfg = Debug|Any CPU
		{8A21AAE8-EFF7-4BD3-8887-9A066AA1CF77}.Debug|Any CPU.Build.0 = Debug|Any CPU
		{8A21AAE8-EFF7-4BD3-8887-9A066AA1CF77}.Release|Any CPU.ActiveCfg = Release|Any CPU
		{8A21AAE8-EFF7-4BD3-8887-9A066AA1CF77}.Release|Any CPU.Build.0 = Release|Any CPU
		{2F173E8D-0202-4977-ABB1-8A818C4B2A62}.Debug|Any CPU.ActiveCfg = Debug|Any CPU
		{2F173E8D-0202-4977-ABB1-8A818C4B2A62}.Debug|Any CPU.Build.0 = Debug|Any CPU
		{2F173E8D-0202-4977-ABB1-8A818C4B2A62}.Release|Any CPU.ActiveCfg = Release|Any CPU
		{2F173E8D-0202-4977-ABB1-8A818C4B2A62}.Release|Any CPU.Build.0 = Release|Any CPU
		{5AB13AA7-007A-4C9A-8809-2E97C2D0BD79}.Debug|Any CPU.ActiveCfg = Debug|Any CPU
		{5AB13AA7-007A-4C9A-8809-2E97C2D0BD79}.Debug|Any CPU.Build.0 = Debug|Any CPU
		{5AB13AA7-007A-4C9A-8809-2E97C2D0BD79}.Release|Any CPU.ActiveCfg = Release|Any CPU
		{5AB13AA7-007A-4C9A-8809-2E97C2D0BD79}.Release|Any CPU.Build.0 = Release|Any CPU
	EndGlobalSection
	GlobalSection(SolutionProperties) = preSolution
		HideSolutionNode = FALSE
	EndGlobalSection
	GlobalSection(ExtensibilityGlobals) = postSolution
		SolutionGuid = {ADF4D9A7-050B-4043-8FAB-CFBCDB59B339}
	EndGlobalSection
EndGlobal
